
Microsoft Visual Studio Solution File, Format Version 12.00
# Visual Studio Version 16
VisualStudioVersion = 16.0.30907.101
MinimumVisualStudioVersion = 10.0.40219.1
Project("{8BC9CEB8-8B4A-11D0-8D11-00A0C91BC942}") = "BlasterProject", "BlasterProject\BlasterProject.vcxproj", "{09B2F8D2-48CB-4AA1-B75C-A36CDD5FEED5}"
EndProject
Global
	GlobalSection(SolutionConfigurationPlatforms) = preSolution
		Debug|x86 = Debug|x86
		Release|x86 = Release|x86
	EndGlobalSection
	GlobalSection(ProjectConfigurationPlatforms) = postSolution
		{09B2F8D2-48CB-4AA1-B75C-A36CDD5FEED5}.Debug|x86.ActiveCfg = Debug|Win32
		{09B2F8D2-48CB-4AA1-B75C-A36CDD5FEED5}.Debug|x86.Build.0 = Debug|Win32
		{09B2F8D2-48CB-4AA1-B75C-A36CDD5FEED5}.Release|x86.ActiveCfg = Release|Win32
		{09B2F8D2-48CB-4AA1-B75C-A36CDD5FEED5}.Release|x86.Build.0 = Release|Win32
	EndGlobalSection
	GlobalSection(SolutionProperties) = preSolution
		HideSolutionNode = FALSE
	EndGlobalSection
	GlobalSection(ExtensibilityGlobals) = postSolution
		SolutionGuid = {0844612A-AB16-42D2-BC6A-A9E106CE20CD}
	EndGlobalSection
EndGlobal
